
Microsoft Visual Studio Solution File, Format Version 12.00
# Visual Studio Version 17
VisualStudioVersion = 17.3.32811.315
MinimumVisualStudioVersion = 10.0.40219.1
Project("{FAE04EC0-301F-11D3-BF4B-00C04F79EFBC}") = "Kappitel 3 uppgfit 3.20", "Kappitel 3 uppgfit 3.20\Kappitel 3 uppgfit 3.20.csproj", "{953B97CB-156D-47DA-B32D-01E12B0C5313}"
EndProject
Global
	GlobalSection(SolutionConfigurationPlatforms) = preSolution
		Debug|Any CPU = Debug|Any CPU
		Release|Any CPU = Release|Any CPU
	EndGlobalSection
	GlobalSection(ProjectConfigurationPlatforms) = postSolution
		{953B97CB-156D-47DA-B32D-01E12B0C5313}.Debug|Any CPU.ActiveCfg = Debug|Any CPU
		{953B97CB-156D-47DA-B32D-01E12B0C5313}.Debug|Any CPU.Build.0 = Debug|Any CPU
		{953B97CB-156D-47DA-B32D-01E12B0C5313}.Release|Any CPU.ActiveCfg = Release|Any CPU
		{953B97CB-156D-47DA-B32D-01E12B0C5313}.Release|Any CPU.Build.0 = Release|Any CPU
	EndGlobalSection
	GlobalSection(SolutionProperties) = preSolution
		HideSolutionNode = FALSE
	EndGlobalSection
	GlobalSection(ExtensibilityGlobals) = postSolution
		SolutionGuid = {A6CD77DF-B81E-4D9C-B21C-0C13C128CE1F}
	EndGlobalSection
EndGlobal
